
Microsoft Visual Studio Solution File, Format Version 12.00
# Visual Studio Version 17
VisualStudioVersion = 17.3.32819.101
MinimumVisualStudioVersion = 10.0.40219.1
Project("{9A19103F-16F7-4668-BE54-9A1E7A4F7556}") = "DoktorKlinik", "DoktorKlinik\DoktorKlinik.csproj", "{C29EB730-87DB-45A4-A459-09E0495BDB27}"
EndProject
Project("{9A19103F-16F7-4668-BE54-9A1E7A4F7556}") = "DoktorKlinik.Business", "Doktor.Business\DoktorKlinik.Business.csproj", "{6FD5B3A5-5DEE-4AFF-B684-3AF574AD95BE}"
EndProject
Project("{9A19103F-16F7-4668-BE54-9A1E7A4F7556}") = "DoktorKlinik.DataAccess", "DoktorKlinik.DataAccess\DoktorKlinik.DataAccess.csproj", "{DC4F5C90-9E7F-47CB-9530-B69B116CBBB3}"
EndProject
Project("{9A19103F-16F7-4668-BE54-9A1E7A4F7556}") = "DoktorKlinik.Domain", "DoktorKlinik.Domain\DoktorKlinik.Domain.csproj", "{7B7821B4-388A-40FA-9DCA-30904C07A421}"
EndProject
Project("{9A19103F-16F7-4668-BE54-9A1E7A4F7556}") = "DoktorKlinik.Web", "DoktorKlinik.Web\DoktorKlinik.Web.csproj", "{4AB29AA7-4906-492D-AC86-A32CF3B6F79B}"
EndProject
Global
	GlobalSection(SolutionConfigurationPlatforms) = preSolution
		Debug|Any CPU = Debug|Any CPU
		Release|Any CPU = Release|Any CPU
	EndGlobalSection
	GlobalSection(ProjectConfigurationPlatforms) = postSolution
		{C29EB730-87DB-45A4-A459-09E0495BDB27}.Debug|Any CPU.ActiveCfg = Debug|Any CPU
		{C29EB730-87DB-45A4-A459-09E0495BDB27}.Debug|Any CPU.Build.0 = Debug|Any CPU
		{C29EB730-87DB-45A4-A459-09E0495BDB27}.Release|Any CPU.ActiveCfg = Release|Any CPU
		{C29EB730-87DB-45A4-A459-09E0495BDB27}.Release|Any CPU.Build.0 = Release|Any CPU
		{6FD5B3A5-5DEE-4AFF-B684-3AF574AD95BE}.Debug|Any CPU.ActiveCfg = Debug|Any CPU
		{6FD5B3A5-5DEE-4AFF-B684-3AF574AD95BE}.Debug|Any CPU.Build.0 = Debug|Any CPU
		{6FD5B3A5-5DEE-4AFF-B684-3AF574AD95BE}.Release|Any CPU.ActiveCfg = Release|Any CPU
		{6FD5B3A5-5DEE-4AFF-B684-3AF574AD95BE}.Release|Any CPU.Build.0 = Release|Any CPU
		{DC4F5C90-9E7F-47CB-9530-B69B116CBBB3}.Debug|Any CPU.ActiveCfg = Debug|Any CPU
		{DC4F5C90-9E7F-47CB-9530-B69B116CBBB3}.Debug|Any CPU.Build.0 = Debug|Any CPU
		{DC4F5C90-9E7F-47CB-9530-B69B116CBBB3}.Release|Any CPU.ActiveCfg = Release|Any CPU
		{DC4F5C90-9E7F-47CB-9530-B69B116CBBB3}.Release|Any CPU.Build.0 = Release|Any CPU
		{7B7821B4-388A-40FA-9DCA-30904C07A421}.Debug|Any CPU.ActiveCfg = Debug|Any CPU
		{7B7821B4-388A-40FA-9DCA-30904C07A421}.Debug|Any CPU.Build.0 = Debug|Any CPU
		{7B7821B4-388A-40FA-9DCA-30904C07A421}.Release|Any CPU.ActiveCfg = Release|Any CPU
		{7B7821B4-388A-40FA-9DCA-30904C07A421}.Release|Any CPU.Build.0 = Release|Any CPU
		{4AB29AA7-4906-492D-AC86-A32CF3B6F79B}.Debug|Any CPU.ActiveCfg = Debug|Any CPU
		{4AB29AA7-4906-492D-AC86-A32CF3B6F79B}.Debug|Any CPU.Build.0 = Debug|Any CPU
		{4AB29AA7-4906-492D-AC86-A32CF3B6F79B}.Release|Any CPU.ActiveCfg = Release|Any CPU
		{4AB29AA7-4906-492D-AC86-A32CF3B6F79B}.Release|Any CPU.Build.0 = Release|Any CPU
	EndGlobalSection
	GlobalSection(SolutionProperties) = preSolution
		HideSolutionNode = FALSE
	EndGlobalSection
	GlobalSection(ExtensibilityGlobals) = postSolution
		SolutionGuid = {C582C7D7-816D-4AD7-8DC4-F0E01810B4E4}
	EndGlobalSection
EndGlobal
